// !$*UTF8*$!
{
	archiveVersion = 1;
	classes = {
	};
	objectVersion = 46;
	objects = {

/* Begin PBXBuildFile section */
		435958DB15120F5500B4D7F5 /* CoreServices.framework in Frameworks */ = {isa = PBXBuildFile; fileRef = 435958DA15120F5500B4D7F5 /* CoreServices.framework */; };
		437FB62F15E14EA700CFF17A /* CoreFoundation.framework in Frameworks */ = {isa = PBXBuildFile; fileRef = 541780C00B6413CA003DE6C0 /* CoreFoundation.framework */; };
		437FB63215E179A600CFF17A /* IOKit.framework in Frameworks */ = {isa = PBXBuildFile; fileRef = 437FB63015E1798100CFF17A /* IOKit.framework */; };
		438D3F081CDFC57B00AEB3C6 /* fuse_kext.c in Sources */ = {isa = PBXBuildFile; fileRef = 438D3F061CDFC57B00AEB3C6 /* fuse_kext.c */; };
		540966680C33B61A00F5E227 /* main.c in Sources */ = {isa = PBXBuildFile; fileRef = 540966670C33B61A00F5E227 /* main.c */; };
/* End PBXBuildFile section */

/* Begin PBXFileReference section */
		433E5DC213B2D1B300A523B2 /* load_osxfuse */ = {isa = PBXFileReference; explicitFileType = "compiled.mach-o.executable"; includeInIndex = 0; path = load_osxfuse; sourceTree = BUILT_PRODUCTS_DIR; };
		435958DA15120F5500B4D7F5 /* CoreServices.framework */ = {isa = PBXFileReference; lastKnownFileType = wrapper.framework; name = CoreServices.framework; path = System/Library/Frameworks/CoreServices.framework; sourceTree = SDKROOT; };
		437FB63015E1798100CFF17A /* IOKit.framework */ = {isa = PBXFileReference; lastKnownFileType = wrapper.framework; name = IOKit.framework; path = System/Library/Frameworks/IOKit.framework; sourceTree = SDKROOT; };
		438D3F061CDFC57B00AEB3C6 /* fuse_kext.c */ = {isa = PBXFileReference; fileEncoding = 4; lastKnownFileType = sourcecode.c.c; lineEnding = 0; path = fuse_kext.c; sourceTree = "<group>"; xcLanguageSpecificationIdentifier = xcode.lang.c; };
		438D3F071CDFC57B00AEB3C6 /* fuse_kext.h */ = {isa = PBXFileReference; fileEncoding = 4; lastKnownFileType = sourcecode.c.h; path = fuse_kext.h; sourceTree = "<group>"; };
		43A374231A59E528007A64F9 /* fuse_preprocessor.h */ = {isa = PBXFileReference; lastKnownFileType = sourcecode.c.h; path = fuse_preprocessor.h; sourceTree = "<group>"; };
		540966520C33B5F500F5E227 /* fuse_ioctl.h */ = {isa = PBXFileReference; fileEncoding = 30; lastKnownFileType = sourcecode.c.h; path = fuse_ioctl.h; sourceTree = "<group>"; };
		540966530C33B5F500F5E227 /* fuse_mount.h */ = {isa = PBXFileReference; fileEncoding = 30; lastKnownFileType = sourcecode.c.h; lineEnding = 0; path = fuse_mount.h; sourceTree = "<group>"; xcLanguageSpecificationIdentifier = xcode.lang.objcpp; };
		540966540C33B5F500F5E227 /* fuse_param.h */ = {isa = PBXFileReference; fileEncoding = 30; lastKnownFileType = sourcecode.c.h; lineEnding = 0; path = fuse_param.h; sourceTree = "<group>"; xcLanguageSpecificationIdentifier = xcode.lang.objcpp; };
		540966550C33B5F500F5E227 /* fuse_version.h */ = {isa = PBXFileReference; fileEncoding = 30; lastKnownFileType = sourcecode.c.h; lineEnding = 0; path = fuse_version.h; sourceTree = "<group>"; xcLanguageSpecificationIdentifier = xcode.lang.objcpp; };
		540966670C33B61A00F5E227 /* main.c */ = {isa = PBXFileReference; fileEncoding = 30; lastKnownFileType = sourcecode.c.c; lineEnding = 0; path = main.c; sourceTree = "<group>"; xcLanguageSpecificationIdentifier = xcode.lang.c; };
		541780C00B6413CA003DE6C0 /* CoreFoundation.framework */ = {isa = PBXFileReference; lastKnownFileType = wrapper.framework; name = CoreFoundation.framework; path = /System/Library/Frameworks/CoreFoundation.framework; sourceTree = "<absolute>"; };
/* End PBXFileReference section */

/* Begin PBXFrameworksBuildPhase section */
		54D47B7E0B4F610000A8FE1C /* Frameworks */ = {
			isa = PBXFrameworksBuildPhase;
			buildActionMask = 2147483647;
			files = (
				437FB62F15E14EA700CFF17A /* CoreFoundation.framework in Frameworks */,
				435958DB15120F5500B4D7F5 /* CoreServices.framework in Frameworks */,
				437FB63215E179A600CFF17A /* IOKit.framework in Frameworks */,
			);
			runOnlyForDeploymentPostprocessing = 0;
		};
/* End PBXFrameworksBuildPhase section */

/* Begin PBXGroup section */
		089C166AFE841209C02AAC07 /* fusefs */ = {
			isa = PBXGroup;
			children = (
				540966510C33B5F500F5E227 /* Common */,
				540966660C33B61A00F5E227 /* load_osxfuse */,
				5409662C0C33B54300F5E227 /* Frameworks */,
				433E5DC813B2D21900A523B2 /* Products */,
			);
			name = fusefs;
			sourceTree = "<group>";
		};
		433E5DC813B2D21900A523B2 /* Products */ = {
			isa = PBXGroup;
			children = (
				433E5DC213B2D1B300A523B2 /* load_osxfuse */,
			);
			name = Products;
			sourceTree = "<group>";
		};
		5409662C0C33B54300F5E227 /* Frameworks */ = {
			isa = PBXGroup;
			children = (
				541780C00B6413CA003DE6C0 /* CoreFoundation.framework */,
				435958DA15120F5500B4D7F5 /* CoreServices.framework */,
				437FB63015E1798100CFF17A /* IOKit.framework */,
			);
			name = Frameworks;
			sourceTree = "<group>";
		};
		540966510C33B5F500F5E227 /* Common */ = {
			isa = PBXGroup;
			children = (
				540966520C33B5F500F5E227 /* fuse_ioctl.h */,
				540966530C33B5F500F5E227 /* fuse_mount.h */,
				540966540C33B5F500F5E227 /* fuse_param.h */,
				43A374231A59E528007A64F9 /* fuse_preprocessor.h */,
				540966550C33B5F500F5E227 /* fuse_version.h */,
			);
			name = Common;
			path = ../common;
			sourceTree = "<group>";
		};
		540966660C33B61A00F5E227 /* load_osxfuse */ = {
			isa = PBXGroup;
			children = (
				438D3F061CDFC57B00AEB3C6 /* fuse_kext.c */,
				438D3F071CDFC57B00AEB3C6 /* fuse_kext.h */,
				540966670C33B61A00F5E227 /* main.c */,
			);
			path = load_osxfuse;
			sourceTree = "<group>";
		};
/* End PBXGroup section */

/* Begin PBXNativeTarget section */
		54D47B7F0B4F610000A8FE1C /* load_osxfuse */ = {
			isa = PBXNativeTarget;
			buildConfigurationList = 54D47B900B4F614B00A8FE1C /* Build configuration list for PBXNativeTarget "load_osxfuse" */;
			buildPhases = (
				54D47B7D0B4F610000A8FE1C /* Sources */,
				54D47B7E0B4F610000A8FE1C /* Frameworks */,
			);
			buildRules = (
			);
			comments = "Command-line utility that loads the MacFUSE kernel extension";
			dependencies = (
			);
			name = load_osxfuse;
			productName = load_fusefs;
			productReference = 433E5DC213B2D1B300A523B2 /* load_osxfuse */;
			productType = "com.apple.product-type.tool";
		};
/* End PBXNativeTarget section */

/* Begin PBXProject section */
		089C1669FE841209C02AAC07 /* Project object */ = {
			isa = PBXProject;
			attributes = {
				LastUpgradeCheck = 0730;
			};
			buildConfigurationList = 1DEB91C708733DAC0010E9CD /* Build configuration list for PBXProject "load_osxfuse" */;
			compatibilityVersion = "Xcode 3.2";
			developmentRegion = English;
			hasScannedForEncodings = 1;
			knownRegions = (
				English,
				Japanese,
				French,
				German,
				en,
			);
			mainGroup = 089C166AFE841209C02AAC07 /* fusefs */;
			productRefGroup = 089C166AFE841209C02AAC07 /* fusefs */;
			projectDirPath = "";
			projectRoot = "";
			targets = (
				54D47B7F0B4F610000A8FE1C /* load_osxfuse */,
			);
		};
/* End PBXProject section */

/* Begin PBXSourcesBuildPhase section */
		54D47B7D0B4F610000A8FE1C /* Sources */ = {
			isa = PBXSourcesBuildPhase;
			buildActionMask = 2147483647;
			files = (
				438D3F081CDFC57B00AEB3C6 /* fuse_kext.c in Sources */,
				540966680C33B61A00F5E227 /* main.c in Sources */,
			);
			runOnlyForDeploymentPostprocessing = 0;
		};
/* End PBXSourcesBuildPhase section */

/* Begin XCBuildConfiguration section */
		1DEB91C808733DAC0010E9CD /* Debug */ = {
			isa = XCBuildConfiguration;
			buildSettings = {
				ALWAYS_SEARCH_USER_PATHS = NO;
				CLANG_ANALYZER_NONNULL = YES;
				CLANG_CXX_LANGUAGE_STANDARD = "gnu++0x";
				CLANG_CXX_LIBRARY = "libc++";
				CLANG_ENABLE_MODULES = YES;
				CLANG_ENABLE_OBJC_ARC = YES;
				CLANG_WARN_BOOL_CONVERSION = YES;
				CLANG_WARN_CONSTANT_CONVERSION = YES;
				CLANG_WARN_DIRECT_OBJC_ISA_USAGE = YES_ERROR;
				CLANG_WARN_EMPTY_BODY = YES;
				CLANG_WARN_ENUM_CONVERSION = YES;
				CLANG_WARN_INT_CONVERSION = YES;
				CLANG_WARN_OBJC_ROOT_CLASS = YES_ERROR;
				CLANG_WARN_UNREACHABLE_CODE = YES;
				CLANG_WARN__DUPLICATE_METHOD_MATCH = YES;
				COPY_PHASE_STRIP = NO;
				DEBUG_INFORMATION_FORMAT = dwarf;
				ENABLE_STRICT_OBJC_MSGSEND = YES;
				ENABLE_TESTABILITY = YES;
				GCC_C_LANGUAGE_STANDARD = gnu99;
				GCC_DYNAMIC_NO_PIC = NO;
				GCC_NO_COMMON_BLOCKS = YES;
				GCC_OPTIMIZATION_LEVEL = 0;
				GCC_PREPROCESSOR_DEFINITIONS = (
					"$(inherited)",
					"DEBUG=1",
				);
				GCC_TREAT_WARNINGS_AS_ERRORS = YES;
				GCC_WARN_64_TO_32_BIT_CONVERSION = YES;
				GCC_WARN_ABOUT_RETURN_TYPE = YES_ERROR;
				GCC_WARN_UNDECLARED_SELECTOR = YES;
				GCC_WARN_UNINITIALIZED_AUTOS = YES_AGGRESSIVE;
				GCC_WARN_UNUSED_FUNCTION = YES;
				GCC_WARN_UNUSED_VARIABLE = YES;
				MTL_ENABLE_DEBUG_INFO = YES;
				ONLY_ACTIVE_ARCH = YES;
				OSXFUSE_NAME = osxfuse;
				SDKROOT = macosx;
				STRIPFLAGS = "-x";
			};
			name = Debug;
		};
		1DEB91C908733DAC0010E9CD /* Release */ = {
			isa = XCBuildConfiguration;
			buildSettings = {
				ALWAYS_SEARCH_USER_PATHS = NO;
				CLANG_ANALYZER_NONNULL = YES;
				CLANG_CXX_LANGUAGE_STANDARD = "gnu++0x";
				CLANG_CXX_LIBRARY = "libc++";
				CLANG_ENABLE_MODULES = YES;
				CLANG_ENABLE_OBJC_ARC = YES;
				CLANG_WARN_BOOL_CONVERSION = YES;
				CLANG_WARN_CONSTANT_CONVERSION = YES;
				CLANG_WARN_DIRECT_OBJC_ISA_USAGE = YES_ERROR;
				CLANG_WARN_EMPTY_BODY = YES;
				CLANG_WARN_ENUM_CONVERSION = YES;
				CLANG_WARN_INT_CONVERSION = YES;
				CLANG_WARN_OBJC_ROOT_CLASS = YES_ERROR;
				CLANG_WARN_UNREACHABLE_CODE = YES;
				CLANG_WARN__DUPLICATE_METHOD_MATCH = YES;
				COPY_PHASE_STRIP = NO;
				DEBUG_INFORMATION_FORMAT = "dwarf-with-dsym";
				DEPLOYMENT_POSTPROCESSING = YES;
				ENABLE_NS_ASSERTIONS = NO;
				ENABLE_STRICT_OBJC_MSGSEND = YES;
				GCC_C_LANGUAGE_STANDARD = gnu99;
				GCC_DYNAMIC_NO_PIC = NO;
				GCC_NO_COMMON_BLOCKS = YES;
				GCC_TREAT_WARNINGS_AS_ERRORS = YES;
				GCC_WARN_64_TO_32_BIT_CONVERSION = YES;
				GCC_WARN_ABOUT_RETURN_TYPE = YES_ERROR;
				GCC_WARN_UNDECLARED_SELECTOR = YES;
				GCC_WARN_UNINITIALIZED_AUTOS = YES_AGGRESSIVE;
				GCC_WARN_UNUSED_FUNCTION = YES;
				GCC_WARN_UNUSED_VARIABLE = YES;
				MTL_ENABLE_DEBUG_INFO = NO;
				OSXFUSE_NAME = osxfuse;
				SDKROOT = macosx;
				SEPARATE_STRIP = YES;
				STRIPFLAGS = "-x";
			};
			name = Release;
		};
		54D47B910B4F614B00A8FE1C /* Debug */ = {
			isa = XCBuildConfiguration;
			buildSettings = {
				GCC_ENABLE_FIX_AND_CONTINUE = YES;
				HEADER_SEARCH_PATHS = "$(SRCROOT)/../common";
				PRODUCT_NAME = "load_$(OSXFUSE_NAME)";
			};
			name = Debug;
		};
		54D47B920B4F614B00A8FE1C /* Release */ = {
			isa = XCBuildConfiguration;
			buildSettings = {
				GCC_ENABLE_FIX_AND_CONTINUE = NO;
				HEADER_SEARCH_PATHS = "$(SRCROOT)/../common";
				PRODUCT_NAME = "load_$(OSXFUSE_NAME)";
			};
			name = Release;
		};
/* End XCBuildConfiguration section */

/* Begin XCConfigurationList section */
		1DEB91C708733DAC0010E9CD /* Build configuration list for PBXProject "load_osxfuse" */ = {
			isa = XCConfigurationList;
			buildConfigurations = (
				1DEB91C808733DAC0010E9CD /* Debug */,
				1DEB91C908733DAC0010E9CD /* Release */,
			);
			defaultConfigurationIsVisible = 0;
			defaultConfigurationName = Release;
		};
		54D47B900B4F614B00A8FE1C /* Build configuration list for PBXNativeTarget "load_osxfuse" */ = {
			isa = XCConfigurationList;
			buildConfigurations = (
				54D47B910B4F614B00A8FE1C /* Debug */,
				54D47B920B4F614B00A8FE1C /* Release */,
			);
			defaultConfigurationIsVisible = 0;
			defaultConfigurationName = Release;
		};
/* End XCConfigurationList section */
	};
	rootObject = 089C1669FE841209C02AAC07 /* Project object */;
}
